
Microsoft Visual Studio Solution File, Format Version 12.00
# Visual Studio Version 17
VisualStudioVersion = 17.8.34316.72
MinimumVisualStudioVersion = 10.0.40219.1
Project("{9A19103F-16F7-4668-BE54-9A1E7A4F7556}") = "AluguelCarros", "AluguelCarros.csproj", "{AD5DACD4-E870-4E10-BDA5-B4917FC934CD}"
EndProject
Project("{9A19103F-16F7-4668-BE54-9A1E7A4F7556}") = "Pessoa", "..\Pessoa\Pessoa.csproj", "{7CF90F62-4E62-48A6-9FF6-ACF3832ECEBC}"
EndProject
Project("{2150E333-8FDC-42A3-9474-1A3956D46DE8}") = "Usuarios", "Usuarios", "{3DA2423D-C9A5-487F-AC61-DA25037995DD}"
EndProject
Project("{9A19103F-16F7-4668-BE54-9A1E7A4F7556}") = "Funcionário", "..\Funcionário\Funcionário.csproj", "{8B56D70D-839D-4A70-A68F-85AB6999E517}"
EndProject
Project("{2150E333-8FDC-42A3-9474-1A3956D46DE8}") = "Enums", "Enums", "{5F34D6BB-1AF9-4AA7-8B9F-B99F2E1EB35D}"
EndProject
Project("{9A19103F-16F7-4668-BE54-9A1E7A4F7556}") = "PESSOA_SETOR", "..\SETOR\PESSOA_SETOR.csproj", "{4B49A0A9-32FA-4022-8818-50F2901F57BC}"
EndProject
Project("{2150E333-8FDC-42A3-9474-1A3956D46DE8}") = "Veiculo", "Veiculo", "{0800F534-81F8-4165-B6D3-7DB7265A6A25}"
EndProject
Project("{9A19103F-16F7-4668-BE54-9A1E7A4F7556}") = "Veiculos", "..\Veiculos\Veiculos.csproj", "{C68527B4-0DB3-43A6-B9B7-41BC813E65B8}"
EndProject
Project("{2150E333-8FDC-42A3-9474-1A3956D46DE8}") = "Veiculo", "Veiculo", "{70E534A5-CADB-43B0-B978-A01639D68929}"
EndProject
Project("{2150E333-8FDC-42A3-9474-1A3956D46DE8}") = "Pessoa", "Pessoa", "{A0B3BA47-9A56-4429-A148-BC7B611FFBEC}"
EndProject
Project("{9A19103F-16F7-4668-BE54-9A1E7A4F7556}") = "VEICULO", "..\ESTADO\VEICULO.csproj", "{6AFAE38A-1252-4080-9F56-47E97537C748}"
EndProject
Project("{9A19103F-16F7-4668-BE54-9A1E7A4F7556}") = "Cliente", "..\Cliente\Cliente.csproj", "{D4AE0D79-F738-49C9-987A-9BD0FCD45677}"
EndProject
Project("{2150E333-8FDC-42A3-9474-1A3956D46DE8}") = "Contratos", "Contratos", "{7052B69E-6862-425D-BD12-42BDDFDD7F08}"
EndProject
Project("{9A19103F-16F7-4668-BE54-9A1E7A4F7556}") = "ContratoAluguel", "..\ContratoAluguel\ContratoAluguel.csproj", "{EA40C855-5BA3-45EA-B950-6DED09DBB0F1}"
EndProject
Project("{2150E333-8FDC-42A3-9474-1A3956D46DE8}") = "Interfaces", "Interfaces", "{4F4BB99F-732C-4708-86E0-ACCAEAF03B9C}"
EndProject
Project("{9A19103F-16F7-4668-BE54-9A1E7A4F7556}") = "Common", "..\Interface\Common.csproj", "{14E99006-582E-4683-B9EB-19F04AF84D51}"
EndProject
Project("{FAE04EC0-301F-11D3-BF4B-00C04F79EFBC}") = "Estoque", "..\Estoque\Estoque.csproj", "{7EB9EEF4-F15A-4DDC-AFA7-DAFC4349FA3F}"
EndProject
Global
	GlobalSection(SolutionConfigurationPlatforms) = preSolution
		Debug|Any CPU = Debug|Any CPU
		Release|Any CPU = Release|Any CPU
	EndGlobalSection
	GlobalSection(ProjectConfigurationPlatforms) = postSolution
		{AD5DACD4-E870-4E10-BDA5-B4917FC934CD}.Debug|Any CPU.ActiveCfg = Debug|Any CPU
		{AD5DACD4-E870-4E10-BDA5-B4917FC934CD}.Debug|Any CPU.Build.0 = Debug|Any CPU
		{AD5DACD4-E870-4E10-BDA5-B4917FC934CD}.Release|Any CPU.ActiveCfg = Release|Any CPU
		{AD5DACD4-E870-4E10-BDA5-B4917FC934CD}.Release|Any CPU.Build.0 = Release|Any CPU
		{7CF90F62-4E62-48A6-9FF6-ACF3832ECEBC}.Debug|Any CPU.ActiveCfg = Debug|Any CPU
		{7CF90F62-4E62-48A6-9FF6-ACF3832ECEBC}.Debug|Any CPU.Build.0 = Debug|Any CPU
		{7CF90F62-4E62-48A6-9FF6-ACF3832ECEBC}.Release|Any CPU.ActiveCfg = Release|Any CPU
		{7CF90F62-4E62-48A6-9FF6-ACF3832ECEBC}.Release|Any CPU.Build.0 = Release|Any CPU
		{8B56D70D-839D-4A70-A68F-85AB6999E517}.Debug|Any CPU.ActiveCfg = Debug|Any CPU
		{8B56D70D-839D-4A70-A68F-85AB6999E517}.Debug|Any CPU.Build.0 = Debug|Any CPU
		{8B56D70D-839D-4A70-A68F-85AB6999E517}.Release|Any CPU.ActiveCfg = Release|Any CPU
		{8B56D70D-839D-4A70-A68F-85AB6999E517}.Release|Any CPU.Build.0 = Release|Any CPU
		{4B49A0A9-32FA-4022-8818-50F2901F57BC}.Debug|Any CPU.ActiveCfg = Debug|Any CPU
		{4B49A0A9-32FA-4022-8818-50F2901F57BC}.Debug|Any CPU.Build.0 = Debug|Any CPU
		{4B49A0A9-32FA-4022-8818-50F2901F57BC}.Release|Any CPU.ActiveCfg = Release|Any CPU
		{4B49A0A9-32FA-4022-8818-50F2901F57BC}.Release|Any CPU.Build.0 = Release|Any CPU
		{C68527B4-0DB3-43A6-B9B7-41BC813E65B8}.Debug|Any CPU.ActiveCfg = Debug|Any CPU
		{C68527B4-0DB3-43A6-B9B7-41BC813E65B8}.Debug|Any CPU.Build.0 = Debug|Any CPU
		{C68527B4-0DB3-43A6-B9B7-41BC813E65B8}.Release|Any CPU.ActiveCfg = Release|Any CPU
		{C68527B4-0DB3-43A6-B9B7-41BC813E65B8}.Release|Any CPU.Build.0 = Release|Any CPU
		{6AFAE38A-1252-4080-9F56-47E97537C748}.Debug|Any CPU.ActiveCfg = Debug|Any CPU
		{6AFAE38A-1252-4080-9F56-47E97537C748}.Debug|Any CPU.Build.0 = Debug|Any CPU
		{6AFAE38A-1252-4080-9F56-47E97537C748}.Release|Any CPU.ActiveCfg = Release|Any CPU
		{6AFAE38A-1252-4080-9F56-47E97537C748}.Release|Any CPU.Build.0 = Release|Any CPU
		{D4AE0D79-F738-49C9-987A-9BD0FCD45677}.Debug|Any CPU.ActiveCfg = Debug|Any CPU
		{D4AE0D79-F738-49C9-987A-9BD0FCD45677}.Debug|Any CPU.Build.0 = Debug|Any CPU
		{D4AE0D79-F738-49C9-987A-9BD0FCD45677}.Release|Any CPU.ActiveCfg = Release|Any CPU
		{D4AE0D79-F738-49C9-987A-9BD0FCD45677}.Release|Any CPU.Build.0 = Release|Any CPU
		{EA40C855-5BA3-45EA-B950-6DED09DBB0F1}.Debug|Any CPU.ActiveCfg = Debug|Any CPU
		{EA40C855-5BA3-45EA-B950-6DED09DBB0F1}.Debug|Any CPU.Build.0 = Debug|Any CPU
		{EA40C855-5BA3-45EA-B950-6DED09DBB0F1}.Release|Any CPU.ActiveCfg = Release|Any CPU
		{EA40C855-5BA3-45EA-B950-6DED09DBB0F1}.Release|Any CPU.Build.0 = Release|Any CPU
		{14E99006-582E-4683-B9EB-19F04AF84D51}.Debug|Any CPU.ActiveCfg = Debug|Any CPU
		{14E99006-582E-4683-B9EB-19F04AF84D51}.Debug|Any CPU.Build.0 = Debug|Any CPU
		{14E99006-582E-4683-B9EB-19F04AF84D51}.Release|Any CPU.ActiveCfg = Release|Any CPU
		{14E99006-582E-4683-B9EB-19F04AF84D51}.Release|Any CPU.Build.0 = Release|Any CPU
		{7EB9EEF4-F15A-4DDC-AFA7-DAFC4349FA3F}.Debug|Any CPU.ActiveCfg = Debug|Any CPU
		{7EB9EEF4-F15A-4DDC-AFA7-DAFC4349FA3F}.Debug|Any CPU.Build.0 = Debug|Any CPU
		{7EB9EEF4-F15A-4DDC-AFA7-DAFC4349FA3F}.Release|Any CPU.ActiveCfg = Release|Any CPU
		{7EB9EEF4-F15A-4DDC-AFA7-DAFC4349FA3F}.Release|Any CPU.Build.0 = Release|Any CPU
	EndGlobalSection
	GlobalSection(SolutionProperties) = preSolution
		HideSolutionNode = FALSE
	EndGlobalSection
	GlobalSection(NestedProjects) = preSolution
		{7CF90F62-4E62-48A6-9FF6-ACF3832ECEBC} = {3DA2423D-C9A5-487F-AC61-DA25037995DD}
		{8B56D70D-839D-4A70-A68F-85AB6999E517} = {3DA2423D-C9A5-487F-AC61-DA25037995DD}
		{4B49A0A9-32FA-4022-8818-50F2901F57BC} = {A0B3BA47-9A56-4429-A148-BC7B611FFBEC}
		{C68527B4-0DB3-43A6-B9B7-41BC813E65B8} = {0800F534-81F8-4165-B6D3-7DB7265A6A25}
		{70E534A5-CADB-43B0-B978-A01639D68929} = {5F34D6BB-1AF9-4AA7-8B9F-B99F2E1EB35D}
		{A0B3BA47-9A56-4429-A148-BC7B611FFBEC} = {5F34D6BB-1AF9-4AA7-8B9F-B99F2E1EB35D}
		{6AFAE38A-1252-4080-9F56-47E97537C748} = {70E534A5-CADB-43B0-B978-A01639D68929}
		{D4AE0D79-F738-49C9-987A-9BD0FCD45677} = {3DA2423D-C9A5-487F-AC61-DA25037995DD}
		{EA40C855-5BA3-45EA-B950-6DED09DBB0F1} = {7052B69E-6862-425D-BD12-42BDDFDD7F08}
		{14E99006-582E-4683-B9EB-19F04AF84D51} = {4F4BB99F-732C-4708-86E0-ACCAEAF03B9C}
		{7EB9EEF4-F15A-4DDC-AFA7-DAFC4349FA3F} = {0800F534-81F8-4165-B6D3-7DB7265A6A25}
	EndGlobalSection
	GlobalSection(ExtensibilityGlobals) = postSolution
		SolutionGuid = {1115EA83-BF75-4B29-A89D-8CB3CB9CC50C}
	EndGlobalSection
EndGlobal
